version = 1
revision = 3
requires-python = ">=3.13"

[[package]]
name = "asttokens"
version = "2.4.1"
source = { registry = "https://pypi.org/simple" }
dependencies = [
    { name = "six" },
]
sdist = { url = "https://files.pythonhosted.org/packages/45/1d/f03bcb60c4a3212e15f99a56085d93093a497718adf828d050b9d675da81/asttokens-2.4.1.tar.gz", hash = "sha256:b03869718ba9a6eb027e134bfdf69f38a236d681c83c160d510768af11254ba0", size = 62284, upload-time = "2023-10-26T10:03:05.06Z" }
wheels = [
    { url = "https://files.pythonhosted.org/packages/45/86/4736ac618d82a20d87d2f92ae19441ebc7ac9e7a581d7e58bbe79233b24a/asttokens-2.4.1-py2.py3-none-any.whl", hash = "sha256:051ed49c3dcae8913ea7cd08e46a606dba30b79993209636c4875bc1d637bc24", size = 27764, upload-time = "2023-10-26T10:03:01.789Z" },
]

[[package]]
name = "devtools"
version = "0.12.2"
source = { registry = "https://pypi.org/simple" }
dependencies = [
    { name = "asttokens" },
    { name = "executing" },
    { name = "pygments" },
]
sdist = { url = "https://files.pythonhosted.org/packages/84/75/b78198620640d394bc435c17bb49db18419afdd6cfa3ed8bcfe14034ec80/devtools-0.12.2.tar.gz", hash = "sha256:efceab184cb35e3a11fa8e602cc4fadacaa2e859e920fc6f87bf130b69885507", size = 75005, upload-time = "2023-09-03T16:57:00.679Z" }
wheels = [
    { url = "https://files.pythonhosted.org/packages/d1/ae/afb1487556e2dc827a17097aac8158a25b433a345386f0e249f6d2694ccb/devtools-0.12.2-py3-none-any.whl", hash = "sha256:c366e3de1df4cdd635f1ad8cbcd3af01a384d7abda71900e68d43b04eb6aaca7", size = 19411, upload-time = "2023-09-03T16:56:59.049Z" },
]

[[package]]
name = "devtools-sitecustomize"
version = "0.1.3.dev1"
source = { editable = "." }
dependencies = [
    { name = "devtools" },
    { name = "sitecustomize-entrypoints" },
]

[package.metadata]
requires-dist = [
    { name = "devtools", specifier = ">=0.12.2" },
    { name = "sitecustomize-entrypoints", specifier = ">=1.1.0" },
]

[[package]]
name = "executing"
version = "2.2.0"
source = { registry = "https://pypi.org/simple" }
sdist = { url = "https://files.pythonhosted.org/packages/91/50/a9d80c47ff289c611ff12e63f7c5d13942c65d68125160cefd768c73e6e4/executing-2.2.0.tar.gz", hash = "sha256:5d108c028108fe2551d1a7b2e8b713341e2cb4fc0aa7dcf966fa4327a5226755", size = 978693, upload-time = "2025-01-22T15:41:29.403Z" }
wheels = [
    { url = "https://files.pythonhosted.org/packages/7b/8f/c4d9bafc34ad7ad5d8dc16dd1347ee0e507a52c3adb6bfa8887e1c6a26ba/executing-2.2.0-py2.py3-none-any.whl", hash = "sha256:11387150cad388d62750327a53d3339fad4888b39a6fe233c3afbb54ecffd3aa", size = 26702, upload-time = "2025-01-22T15:41:25.929Z" },
]

[[package]]
name = "pygments"
version = "2.19.2"
source = { registry = "https://pypi.org/simple" }
sdist = { url = "https://files.pythonhosted.org/packages/b0/77/a5b8c569bf593b0140bde72ea885a803b82086995367bf2037de0159d924/pygments-2.19.2.tar.gz", hash = "sha256:636cb2477cec7f8952536970bc533bc43743542f70392ae026374600add5b887", size = 4968631, upload-time = "2025-06-21T13:39:12.283Z" }
wheels = [
    { url = "https://files.pythonhosted.org/packages/c7/21/705964c7812476f378728bdf590ca4b771ec72385c533964653c68e86bdc/pygments-2.19.2-py3-none-any.whl", hash = "sha256:86540386c03d588bb81d44bc3928634ff26449851e99741617ecb9037ee5ec0b", size = 1225217, upload-time = "2025-06-21T13:39:07.939Z" },
]

[[package]]
name = "sitecustomize-entrypoints"
version = "1.1.0"
source = { registry = "https://pypi.org/simple" }
sdist = { url = "https://files.pythonhosted.org/packages/25/88/c135ebdef2af797042a55fba89c79ca05b601f4dc36157a67a224d8090ca/sitecustomize-entrypoints-1.1.0.tar.gz", hash = "sha256:8bf9c9f3572e1709331f435a9bffd465320be77d65adda0f82b504594dc507b4", size = 24445, upload-time = "2023-04-10T16:59:55.551Z" }
wheels = [
    { url = "https://files.pythonhosted.org/packages/67/11/412160ea4a304ee65babef67254833408d0ac7145334406bb1a8bff6f3cb/sitecustomize_entrypoints-1.1.0-py3-none-any.whl", hash = "sha256:ca80648c58d9ebcad31de46a4726213ae322fe829b285a0105da0eae3f74cb53", size = 25279, upload-time = "2023-04-10T16:59:56.824Z" },
]

[[package]]
name = "six"
version = "1.17.0"
source = { registry = "https://pypi.org/simple" }
sdist = { url = "https://files.pythonhosted.org/packages/94/e7/b2c673351809dca68a0e064b6af791aa332cf192da575fd474ed7d6f16a2/six-1.17.0.tar.gz", hash = "sha256:ff70335d468e7eb6ec65b95b99d3a2836546063f63acc5171de367e834932a81", size = 34031, upload-time = "2024-12-04T17:35:28.174Z" }
wheels = [
    { url = "https://files.pythonhosted.org/packages/b7/ce/149a00dd41f10bc29e5921b496af8b574d8413afcd5e30dfa0ed46c2cc5e/six-1.17.0-py2.py3-none-any.whl", hash = "sha256:4721f391ed90541fddacab5acf947aa0d3dc7d27b2e1e8eda2be8970586c3274", size = 11050, upload-time = "2024-12-04T17:35:26.475Z" },
]
